PODS:
  - BMPlayer (1.3.2):
    - BMPlayer/Full (= 1.3.2)
  - BMPlayer/Core (1.3.2)
  - BMPlayer/Full (1.3.2):
    - BMPlayer/Core
    - NVActivityIndicatorView (~> 4.7.0)
    - SnapKit (~> 5.0.0)
  - NVActivityIndicatorView (4.7.0):
    - NVActivityIndicatorView/Presenter (= 4.7.0)
  - NVActivityIndicatorView/Presenter (4.7.0)
  - SnapKit (5.0.1)
  - XCDYouTubeKit (2.15.2)
  - youtube-ios-player-helper (1.0.3)
  - YouTubePlayer (0.7.2)

DEPENDENCIES:
  - BMPlayer
  - SnapKit
  - XCDYouTubeKit (~> 2.15)
  - youtube-ios-player-helper
  - YouTubePlayer

SPEC REPOS:
  trunk:
    - BMPlayer
    - NVActivityIndicatorView
    - SnapKit
    - XCDYouTubeKit
    - youtube-ios-player-helper
    - YouTubePlayer

SPEC CHECKSUMS:
  BMPlayer: e4b241bd088644d7b89d991a1a65d1b1615d19b3
  NVActivityIndicatorView: b19ddab2576f805cbe0fb2306cba3476e09a1dea
  SnapKit: 97b92857e3df3a0c71833cce143274bf6ef8e5eb
  XCDYouTubeKit: b120aced3d8638ffb570c5450cddb5a1dac448c7
  youtube-ios-player-helper: 0185c57db23c80d63d6ca11251d110abb8a4ca61
  YouTubePlayer: 2b5f2830d8f9b2cde942083211291e382c9e6bd5

PODFILE CHECKSUM: c18d592e1205f6cab9bae416555d7394af1d4a28

COCOAPODS: 1.10.1
