// !$*UTF8*$!
{
	archiveVersion = 1;
	classes = {
	};
	objectVersion = 51;
	objects = {

/* Begin PBXBuildFile section */
		B0270B1D26146B57008452B2 /* AppDelegate.swift in Sources */ = {isa = PBXBuildFile; fileRef = B0270B1C26146B57008452B2 /* AppDelegate.swift */; };
		B0270B1F26146B57008452B2 /* SceneDelegate.swift in Sources */ = {isa = PBXBuildFile; fileRef = B0270B1E26146B57008452B2 /* SceneDelegate.swift */; };
		B0270B2126146B57008452B2 /* PlayerDemoViewController.swift in Sources */ = {isa = PBXBuildFile; fileRef = B0270B2026146B57008452B2 /* PlayerDemoViewController.swift */; };
		B0270B2426146B57008452B2 /* Main.storyboard in Resources */ = {isa = PBXBuildFile; fileRef = B0270B2226146B57008452B2 /* Main.storyboard */; };
		B0270B2626146B5A008452B2 /* Assets.xcassets in Resources */ = {isa = PBXBuildFile; fileRef = B0270B2526146B5A008452B2 /* Assets.xcassets */; };
		B0270B2926146B5A008452B2 /* LaunchScreen.storyboard in Resources */ = {isa = PBXBuildFile; fileRef = B0270B2726146B5A008452B2 /* LaunchScreen.storyboard */; };
		B063D08226259A47002BEAC5 /* MainViewController.swift in Sources */ = {isa = PBXBuildFile; fileRef = B063D08126259A47002BEAC5 /* MainViewController.swift */; };
		B0ED8FD8261C5A26006E7EAE /* YoutubeManager.swift in Sources */ = {isa = PBXBuildFile; fileRef = B0ED8FD7261C5A26006E7EAE /* YoutubeManager.swift */; };
		E470E7E28BB64C89B0C8AFD4 /* Pods_YoutubeDemo.framework in Frameworks */ = {isa = PBXBuildFile; fileRef = 3A3BB82A8BCD7A986A547667 /* Pods_YoutubeDemo.framework */; };
/* End PBXBuildFile section */

/* Begin PBXFileReference section */
		059D4CC2F9CA98C250DB5826 /* Pods-YoutubeDemo.debug.xcconfig */ = {isa = PBXFileReference; includeInIndex = 1; lastKnownFileType = text.xcconfig; name = "Pods-YoutubeDemo.debug.xcconfig"; path = "Target Support Files/Pods-YoutubeDemo/Pods-YoutubeDemo.debug.xcconfig"; sourceTree = "<group>"; };
		3A3BB82A8BCD7A986A547667 /* Pods_YoutubeDemo.framework */ = {isa = PBXFileReference; explicitFileType = wrapper.framework; includeInIndex = 0; path = Pods_YoutubeDemo.framework; sourceTree = BUILT_PRODUCTS_DIR; };
		943015B8E6865936BCA29327 /* Pods-YoutubeDemo.release.xcconfig */ = {isa = PBXFileReference; includeInIndex = 1; lastKnownFileType = text.xcconfig; name = "Pods-YoutubeDemo.release.xcconfig"; path = "Target Support Files/Pods-YoutubeDemo/Pods-YoutubeDemo.release.xcconfig"; sourceTree = "<group>"; };
		B0270B1926146B57008452B2 /* YoutubeDemo.app */ = {isa = PBXFileReference; explicitFileType = wrapper.application; includeInIndex = 0; path = YoutubeDemo.app; sourceTree = BUILT_PRODUCTS_DIR; };
		B0270B1C26146B57008452B2 /* AppDelegate.swift */ = {isa = PBXFileReference; lastKnownFileType = sourcecode.swift; path = AppDelegate.swift; sourceTree = "<group>"; };
		B0270B1E26146B57008452B2 /* SceneDelegate.swift */ = {isa = PBXFileReference; lastKnownFileType = sourcecode.swift; path = SceneDelegate.swift; sourceTree = "<group>"; };
		B0270B2026146B57008452B2 /* PlayerDemoViewController.swift */ = {isa = PBXFileReference; lastKnownFileType = sourcecode.swift; path = PlayerDemoViewController.swift; sourceTree = "<group>"; };
		B0270B2326146B57008452B2 /* Base */ = {isa = PBXFileReference; lastKnownFileType = file.storyboard; name = Base; path = Base.lproj/Main.storyboard; sourceTree = "<group>"; };
		B0270B2526146B5A008452B2 /* Assets.xcassets */ = {isa = PBXFileReference; lastKnownFileType = folder.assetcatalog; path = Assets.xcassets; sourceTree = "<group>"; };
		B0270B2826146B5A008452B2 /* Base */ = {isa = PBXFileReference; lastKnownFileType = file.storyboard; name = Base; path = Base.lproj/LaunchScreen.storyboard; sourceTree = "<group>"; };
		B0270B2A26146B5A008452B2 /* Info.plist */ = {isa = PBXFileReference; lastKnownFileType = text.plist.xml; path = Info.plist; sourceTree = "<group>"; };
		B063D08126259A47002BEAC5 /* MainViewController.swift */ = {isa = PBXFileReference; lastKnownFileType = sourcecode.swift; path = MainViewController.swift; sourceTree = "<group>"; };
		B0ED8FD7261C5A26006E7EAE /* YoutubeManager.swift */ = {isa = PBXFileReference; lastKnownFileType = sourcecode.swift; path = YoutubeManager.swift; sourceTree = "<group>"; };
/* End PBXFileReference section */

/* Begin PBXFrameworksBuildPhase section */
		B0270B1626146B57008452B2 /* Frameworks */ = {
			isa = PBXFrameworksBuildPhase;
			buildActionMask = 2147483647;
			files = (
				E470E7E28BB64C89B0C8AFD4 /* Pods_YoutubeDemo.framework in Frameworks */,
			);
			runOnlyForDeploymentPostprocessing = 0;
		};
/* End PBXFrameworksBuildPhase section */

/* Begin PBXGroup section */
		7584F7FE4753C60FAF708AE5 /* Frameworks */ = {
			isa = PBXGroup;
			children = (
				3A3BB82A8BCD7A986A547667 /* Pods_YoutubeDemo.framework */,
			);
			name = Frameworks;
			sourceTree = "<group>";
		};
		851999DC46466F9E33C320AB /* Pods */ = {
			isa = PBXGroup;
			children = (
				059D4CC2F9CA98C250DB5826 /* Pods-YoutubeDemo.debug.xcconfig */,
				943015B8E6865936BCA29327 /* Pods-YoutubeDemo.release.xcconfig */,
			);
			path = Pods;
			sourceTree = "<group>";
		};
		B0270B1026146B57008452B2 = {
			isa = PBXGroup;
			children = (
				B0270B1B26146B57008452B2 /* YoutubeDemo */,
				B0270B1A26146B57008452B2 /* Products */,
				851999DC46466F9E33C320AB /* Pods */,
				7584F7FE4753C60FAF708AE5 /* Frameworks */,
			);
			sourceTree = "<group>";
		};
		B0270B1A26146B57008452B2 /* Products */ = {
			isa = PBXGroup;
			children = (
				B0270B1926146B57008452B2 /* YoutubeDemo.app */,
			);
			name = Products;
			sourceTree = "<group>";
		};
		B0270B1B26146B57008452B2 /* YoutubeDemo */ = {
			isa = PBXGroup;
			children = (
				B0270B1C26146B57008452B2 /* AppDelegate.swift */,
				B0270B1E26146B57008452B2 /* SceneDelegate.swift */,
				B063D08626259F4F002BEAC5 /* Main */,
				B063D08526259F44002BEAC5 /* Test */,
				B0270B2226146B57008452B2 /* Main.storyboard */,
				B0270B2526146B5A008452B2 /* Assets.xcassets */,
				B0270B2726146B5A008452B2 /* LaunchScreen.storyboard */,
				B0270B2A26146B5A008452B2 /* Info.plist */,
			);
			path = YoutubeDemo;
			sourceTree = "<group>";
		};
		B063D08526259F44002BEAC5 /* Test */ = {
			isa = PBXGroup;
			children = (
				B0270B2026146B57008452B2 /* PlayerDemoViewController.swift */,
			);
			path = Test;
			sourceTree = "<group>";
		};
		B063D08626259F4F002BEAC5 /* Main */ = {
			isa = PBXGroup;
			children = (
				B063D08126259A47002BEAC5 /* MainViewController.swift */,
				B0ED8FD7261C5A26006E7EAE /* YoutubeManager.swift */,
			);
			path = Main;
			sourceTree = "<group>";
		};
/* End PBXGroup section */

/* Begin PBXNativeTarget section */
		B0270B1826146B57008452B2 /* YoutubeDemo */ = {
			isa = PBXNativeTarget;
			buildConfigurationList = B0270B2D26146B5A008452B2 /* Build configuration list for PBXNativeTarget "YoutubeDemo" */;
			buildPhases = (
				049D21140C8DEA8859414EE7 /* [CP] Check Pods Manifest.lock */,
				B0270B1526146B57008452B2 /* Sources */,
				B0270B1626146B57008452B2 /* Frameworks */,
				B0270B1726146B57008452B2 /* Resources */,
				2042123C37F0FF6CFE759CB8 /* [CP] Embed Pods Frameworks */,
			);
			buildRules = (
			);
			dependencies = (
			);
			name = YoutubeDemo;
			productName = YoutubeDemo;
			productReference = B0270B1926146B57008452B2 /* YoutubeDemo.app */;
			productType = "com.apple.product-type.application";
		};
/* End PBXNativeTarget section */

/* Begin PBXProject section */
		B0270B1126146B57008452B2 /* Project object */ = {
			isa = PBXProject;
			attributes = {
				LastSwiftUpdateCheck = 1240;
				LastUpgradeCheck = 1240;
				TargetAttributes = {
					B0270B1826146B57008452B2 = {
						CreatedOnToolsVersion = 12.4;
					};
				};
			};
			buildConfigurationList = B0270B1426146B57008452B2 /* Build configuration list for PBXProject "YoutubeDemo" */;
			compatibilityVersion = "Xcode 9.3";
			developmentRegion = en;
			hasScannedForEncodings = 0;
			knownRegions = (
				en,
				Base,
			);
			mainGroup = B0270B1026146B57008452B2;
			productRefGroup = B0270B1A26146B57008452B2 /* Products */;
			projectDirPath = "";
			projectRoot = "";
			targets = (
				B0270B1826146B57008452B2 /* YoutubeDemo */,
			);
		};
/* End PBXProject section */

/* Begin PBXResourcesBuildPhase section */
		B0270B1726146B57008452B2 /* Resources */ = {
			isa = PBXResourcesBuildPhase;
			buildActionMask = 2147483647;
			files = (
				B0270B2926146B5A008452B2 /* LaunchScreen.storyboard in Resources */,
				B0270B2626146B5A008452B2 /* Assets.xcassets in Resources */,
				B0270B2426146B57008452B2 /* Main.storyboard in Resources */,
			);
			runOnlyForDeploymentPostprocessing = 0;
		};
/* End PBXResourcesBuildPhase section */

/* Begin PBXShellScriptBuildPhase section */
		049D21140C8DEA8859414EE7 /* [CP] Check Pods Manifest.lock */ = {
			isa = PBXShellScriptBuildPhase;
			buildActionMask = 2147483647;
			files = (
			);
			inputFileListPaths = (
			);
			inputPaths = (
				"${PODS_PODFILE_DIR_PATH}/Podfile.lock",
				"${PODS_ROOT}/Manifest.lock",
			);
			name = "[CP] Check Pods Manifest.lock";
			outputFileListPaths = (
			);
			outputPaths = (
				"$(DERIVED_FILE_DIR)/Pods-YoutubeDemo-checkManifestLockResult.txt",
			);
			runOnlyForDeploymentPostprocessing = 0;
			shellPath = /bin/sh;
			shellScript = "diff \"${PODS_PODFILE_DIR_PATH}/Podfile.lock\" \"${PODS_ROOT}/Manifest.lock\" > /dev/null\nif [ $? != 0 ] ; then\n    # print error to STDERR\n    echo \"error: The sandbox is not in sync with the Podfile.lock. Run 'pod install' or update your CocoaPods installation.\" >&2\n    exit 1\nfi\n# This output is used by Xcode 'outputs' to avoid re-running this script phase.\necho \"SUCCESS\" > \"${SCRIPT_OUTPUT_FILE_0}\"\n";
			showEnvVarsInLog = 0;
		};
		2042123C37F0FF6CFE759CB8 /* [CP] Embed Pods Frameworks */ = {
			isa = PBXShellScriptBuildPhase;
			buildActionMask = 2147483647;
			files = (
			);
			inputFileListPaths = (
				"${PODS_ROOT}/Target Support Files/Pods-YoutubeDemo/Pods-YoutubeDemo-frameworks-${CONFIGURATION}-input-files.xcfilelist",
			);
			name = "[CP] Embed Pods Frameworks";
			outputFileListPaths = (
				"${PODS_ROOT}/Target Support Files/Pods-YoutubeDemo/Pods-YoutubeDemo-frameworks-${CONFIGURATION}-output-files.xcfilelist",
			);
			runOnlyForDeploymentPostprocessing = 0;
			shellPath = /bin/sh;
			shellScript = "\"${PODS_ROOT}/Target Support Files/Pods-YoutubeDemo/Pods-YoutubeDemo-frameworks.sh\"\n";
			showEnvVarsInLog = 0;
		};
/* End PBXShellScriptBuildPhase section */

/* Begin PBXSourcesBuildPhase section */
		B0270B1526146B57008452B2 /* Sources */ = {
			isa = PBXSourcesBuildPhase;
			buildActionMask = 2147483647;
			files = (
				B0270B2126146B57008452B2 /* PlayerDemoViewController.swift in Sources */,
				B0270B1D26146B57008452B2 /* AppDelegate.swift in Sources */,
				B0270B1F26146B57008452B2 /* SceneDelegate.swift in Sources */,
				B0ED8FD8261C5A26006E7EAE /* YoutubeManager.swift in Sources */,
				B063D08226259A47002BEAC5 /* MainViewController.swift in Sources */,
			);
			runOnlyForDeploymentPostprocessing = 0;
		};
/* End PBXSourcesBuildPhase section */

/* Begin PBXVariantGroup section */
		B0270B2226146B57008452B2 /* Main.storyboard */ = {
			isa = PBXVariantGroup;
			children = (
				B0270B2326146B57008452B2 /* Base */,
			);
			name = Main.storyboard;
			sourceTree = "<group>";
		};
		B0270B2726146B5A008452B2 /* LaunchScreen.storyboard */ = {
			isa = PBXVariantGroup;
			children = (
				B0270B2826146B5A008452B2 /* Base */,
			);
			name = LaunchScreen.storyboard;
			sourceTree = "<group>";
		};
/* End PBXVariantGroup section */

/* Begin XCBuildConfiguration section */
		B0270B2B26146B5A008452B2 /* Debug */ = {
			isa = XCBuildConfiguration;
			buildSettings = {
				ALWAYS_SEARCH_USER_PATHS = NO;
				CLANG_ANALYZER_NONNULL = YES;
				CLANG_ANALYZER_NUMBER_OBJECT_CONVERSION = YES_AGGRESSIVE;
				CLANG_CXX_LANGUAGE_STANDARD = "gnu++14";
				CLANG_CXX_LIBRARY = "libc++";
				CLANG_ENABLE_MODULES = YES;
				CLANG_ENABLE_OBJC_ARC = YES;
				CLANG_ENABLE_OBJC_WEAK = YES;
				CLANG_WARN_BLOCK_CAPTURE_AUTORELEASING = YES;
				CLANG_WARN_BOOL_CONVERSION = YES;
				CLANG_WARN_COMMA = YES;
				CLANG_WARN_CONSTANT_CONVERSION = YES;
				CLANG_WARN_DEPRECATED_OBJC_IMPLEMENTATIONS = YES;
				CLANG_WARN_DIRECT_OBJC_ISA_USAGE = YES_ERROR;
				CLANG_WARN_DOCUMENTATION_COMMENTS = YES;
				CLANG_WARN_EMPTY_BODY = YES;
				CLANG_WARN_ENUM_CONVERSION = YES;
				CLANG_WARN_INFINITE_RECURSION = YES;
				CLANG_WARN_INT_CONVERSION = YES;
				CLANG_WARN_NON_LITERAL_NULL_CONVERSION = YES;
				CLANG_WARN_OBJC_IMPLICIT_RETAIN_SELF = YES;
				CLANG_WARN_OBJC_LITERAL_CONVERSION = YES;
				CLANG_WARN_OBJC_ROOT_CLASS = YES_ERROR;
				CLANG_WARN_QUOTED_INCLUDE_IN_FRAMEWORK_HEADER = YES;
				CLANG_WARN_RANGE_LOOP_ANALYSIS = YES;
				CLANG_WARN_STRICT_PROTOTYPES = YES;
				CLANG_WARN_SUSPICIOUS_MOVE = YES;
				CLANG_WARN_UNGUARDED_AVAILABILITY = YES_AGGRESSIVE;
				CLANG_WARN_UNREACHABLE_CODE = YES;
				CLANG_WARN__DUPLICATE_METHOD_MATCH = YES;
				COPY_PHASE_STRIP = NO;
				DEBUG_INFORMATION_FORMAT = dwarf;
				ENABLE_STRICT_OBJC_MSGSEND = YES;
				ENABLE_TESTABILITY = YES;
				GCC_C_LANGUAGE_STANDARD = gnu11;
				GCC_DYNAMIC_NO_PIC = NO;
				GCC_NO_COMMON_BLOCKS = YES;
				GCC_OPTIMIZATION_LEVEL = 0;
				GCC_PREPROCESSOR_DEFINITIONS = (
					"DEBUG=1",
					"$(inherited)",
				);
				GCC_WARN_64_TO_32_BIT_CONVERSION = YES;
				GCC_WARN_ABOUT_RETURN_TYPE = YES_ERROR;
				GCC_WARN_UNDECLARED_SELECTOR = YES;
				GCC_WARN_UNINITIALIZED_AUTOS = YES_AGGRESSIVE;
				GCC_WARN_UNUSED_FUNCTION = YES;
				GCC_WARN_UNUSED_VARIABLE = YES;
				IPHONEOS_DEPLOYMENT_TARGET = 13.0;
				MTL_ENABLE_DEBUG_INFO = INCLUDE_SOURCE;
				MTL_FAST_MATH = YES;
				ONLY_ACTIVE_ARCH = YES;
				SDKROOT = iphoneos;
				SWIFT_ACTIVE_COMPILATION_CONDITIONS = DEBUG;
				SWIFT_OPTIMIZATION_LEVEL = "-Onone";
			};
			name = Debug;
		};
		B0270B2C26146B5A008452B2 /* Release */ = {
			isa = XCBuildConfiguration;
			buildSettings = {
				ALWAYS_SEARCH_USER_PATHS = NO;
				CLANG_ANALYZER_NONNULL = YES;
				CLANG_ANALYZER_NUMBER_OBJECT_CONVERSION = YES_AGGRESSIVE;
				CLANG_CXX_LANGUAGE_STANDARD = "gnu++14";
				CLANG_CXX_LIBRARY = "libc++";
				CLANG_ENABLE_MODULES = YES;
				CLANG_ENABLE_OBJC_ARC = YES;
				CLANG_ENABLE_OBJC_WEAK = YES;
				CLANG_WARN_BLOCK_CAPTURE_AUTORELEASING = YES;
				CLANG_WARN_BOOL_CONVERSION = YES;
				CLANG_WARN_COMMA = YES;
				CLANG_WARN_CONSTANT_CONVERSION = YES;
				CLANG_WARN_DEPRECATED_OBJC_IMPLEMENTATIONS = YES;
				CLANG_WARN_DIRECT_OBJC_ISA_USAGE = YES_ERROR;
				CLANG_WARN_DOCUMENTATION_COMMENTS = YES;
				CLANG_WARN_EMPTY_BODY = YES;
				CLANG_WARN_ENUM_CONVERSION = YES;
				CLANG_WARN_INFINITE_RECURSION = YES;
				CLANG_WARN_INT_CONVERSION = YES;
				CLANG_WARN_NON_LITERAL_NULL_CONVERSION = YES;
				CLANG_WARN_OBJC_IMPLICIT_RETAIN_SELF = YES;
				CLANG_WARN_OBJC_LITERAL_CONVERSION = YES;
				CLANG_WARN_OBJC_ROOT_CLASS = YES_ERROR;
				CLANG_WARN_QUOTED_INCLUDE_IN_FRAMEWORK_HEADER = YES;
				CLANG_WARN_RANGE_LOOP_ANALYSIS = YES;
				CLANG_WARN_STRICT_PROTOTYPES = YES;
				CLANG_WARN_SUSPICIOUS_MOVE = YES;
				CLANG_WARN_UNGUARDED_AVAILABILITY = YES_AGGRESSIVE;
				CLANG_WARN_UNREACHABLE_CODE = YES;
				CLANG_WARN__DUPLICATE_METHOD_MATCH = YES;
				COPY_PHASE_STRIP = NO;
				DEBUG_INFORMATION_FORMAT = "dwarf-with-dsym";
				ENABLE_NS_ASSERTIONS = NO;
				ENABLE_STRICT_OBJC_MSGSEND = YES;
				GCC_C_LANGUAGE_STANDARD = gnu11;
				GCC_NO_COMMON_BLOCKS = YES;
				GCC_WARN_64_TO_32_BIT_CONVERSION = YES;
				GCC_WARN_ABOUT_RETURN_TYPE = YES_ERROR;
				GCC_WARN_UNDECLARED_SELECTOR = YES;
				GCC_WARN_UNINITIALIZED_AUTOS = YES_AGGRESSIVE;
				GCC_WARN_UNUSED_FUNCTION = YES;
				GCC_WARN_UNUSED_VARIABLE = YES;
				IPHONEOS_DEPLOYMENT_TARGET = 13.0;
				MTL_ENABLE_DEBUG_INFO = NO;
				MTL_FAST_MATH = YES;
				SDKROOT = iphoneos;
				SWIFT_COMPILATION_MODE = wholemodule;
				SWIFT_OPTIMIZATION_LEVEL = "-O";
				VALIDATE_PRODUCT = YES;
			};
			name = Release;
		};
		B0270B2E26146B5A008452B2 /* Debug */ = {
			isa = XCBuildConfiguration;
			baseConfigurationReference = 059D4CC2F9CA98C250DB5826 /* Pods-YoutubeDemo.debug.xcconfig */;
			buildSettings = {
				ASSETCATALOG_COMPILER_APPICON_NAME = AppIcon;
				ASSETCATALOG_COMPILER_GLOBAL_ACCENT_COLOR_NAME = AccentColor;
				CODE_SIGN_STYLE = Automatic;
				DEVELOPMENT_TEAM = V749RVLY6N;
				INFOPLIST_FILE = YoutubeDemo/Info.plist;
				LD_RUNPATH_SEARCH_PATHS = (
					"$(inherited)",
					"@executable_path/Frameworks",
				);
				PRODUCT_BUNDLE_IDENTIFIER = com.stevenc.YoutubeDemo;
				PRODUCT_NAME = "$(TARGET_NAME)";
				SWIFT_VERSION = 5.0;
				TARGETED_DEVICE_FAMILY = "1,2";
			};
			name = Debug;
		};
		B0270B2F26146B5A008452B2 /* Release */ = {
			isa = XCBuildConfiguration;
			baseConfigurationReference = 943015B8E6865936BCA29327 /* Pods-YoutubeDemo.release.xcconfig */;
			buildSettings = {
				ASSETCATALOG_COMPILER_APPICON_NAME = AppIcon;
				ASSETCATALOG_COMPILER_GLOBAL_ACCENT_COLOR_NAME = AccentColor;
				CODE_SIGN_STYLE = Automatic;
				DEVELOPMENT_TEAM = V749RVLY6N;
				INFOPLIST_FILE = YoutubeDemo/Info.plist;
				LD_RUNPATH_SEARCH_PATHS = (
					"$(inherited)",
					"@executable_path/Frameworks",
				);
				PRODUCT_BUNDLE_IDENTIFIER = com.stevenc.YoutubeDemo;
				PRODUCT_NAME = "$(TARGET_NAME)";
				SWIFT_VERSION = 5.0;
				TARGETED_DEVICE_FAMILY = "1,2";
			};
			name = Release;
		};
/* End XCBuildConfiguration section */

/* Begin XCConfigurationList section */
		B0270B1426146B57008452B2 /* Build configuration list for PBXProject "YoutubeDemo" */ = {
			isa = XCConfigurationList;
			buildConfigurations = (
				B0270B2B26146B5A008452B2 /* Debug */,
				B0270B2C26146B5A008452B2 /* Release */,
			);
			defaultConfigurationIsVisible = 0;
			defaultConfigurationName = Release;
		};
		B0270B2D26146B5A008452B2 /* Build configuration list for PBXNativeTarget "YoutubeDemo" */ = {
			isa = XCConfigurationList;
			buildConfigurations = (
				B0270B2E26146B5A008452B2 /* Debug */,
				B0270B2F26146B5A008452B2 /* Release */,
			);
			defaultConfigurationIsVisible = 0;
			defaultConfigurationName = Release;
		};
/* End XCConfigurationList section */
	};
	rootObject = B0270B1126146B57008452B2 /* Project object */;
}
